
Microsoft Visual Studio Solution File, Format Version 12.00
# Visual Studio Version 18
VisualStudioVersion = 18.4.11506.43 insiders
MinimumVisualStudioVersion = 10.0.40219.1
Project("{FAE04EC0-301F-11D3-BF4B-00C04F79EFBC}") = "ConsoleApp1", "ConsoleApp1.csproj", "{3649EB26-DFCC-46BD-AC8D-5AB40E2E2551}"
EndProject
Global
	GlobalSection(SolutionConfigurationPlatforms) = preSolution
		Debug|Any CPU = Debug|Any CPU
		Release|Any CPU = Release|Any CPU
	EndGlobalSection
	GlobalSection(ProjectConfigurationPlatforms) = postSolution
		{3649EB26-DFCC-46BD-AC8D-5AB40E2E2551}.Debug|Any CPU.ActiveCfg = Debug|Any CPU
		{3649EB26-DFCC-46BD-AC8D-5AB40E2E2551}.Debug|Any CPU.Build.0 = Debug|Any CPU
		{3649EB26-DFCC-46BD-AC8D-5AB40E2E2551}.Release|Any CPU.ActiveCfg = Release|Any CPU
		{3649EB26-DFCC-46BD-AC8D-5AB40E2E2551}.Release|Any CPU.Build.0 = Release|Any CPU
	EndGlobalSection
	GlobalSection(SolutionProperties) = preSolution
		HideSolutionNode = FALSE
	EndGlobalSection
	GlobalSection(ExtensibilityGlobals) = postSolution
		SolutionGuid = {2ED8BFEE-3689-4793-AFBF-7E653B3BD66D}
	EndGlobalSection
EndGlobal
